
Microsoft Visual Studio Solution File, Format Version 12.00
# Visual Studio Version 17
VisualStudioVersion = 17.13.35931.197 d17.13
MinimumVisualStudioVersion = 10.0.40219.1
Project("{FAE04EC0-301F-11D3-BF4B-00C04F79EFBC}") = "Demo.RateLimiter", "Demo.RateLimiter.csproj", "{D4F51A02-1ED4-40BA-8A66-1F9CD0C777FF}"
EndProject
Global
	GlobalSection(SolutionConfigurationPlatforms) = preSolution
		Debug|Any CPU = Debug|Any CPU
		Release|Any CPU = Release|Any CPU
	EndGlobalSection
	GlobalSection(ProjectConfigurationPlatforms) = postSolution
		{D4F51A02-1ED4-40BA-8A66-1F9CD0C777FF}.Debug|Any CPU.ActiveCfg = Debug|Any CPU
		{D4F51A02-1ED4-40BA-8A66-1F9CD0C777FF}.Debug|Any CPU.Build.0 = Debug|Any CPU
		{D4F51A02-1ED4-40BA-8A66-1F9CD0C777FF}.Release|Any CPU.ActiveCfg = Release|Any CPU
		{D4F51A02-1ED4-40BA-8A66-1F9CD0C777FF}.Release|Any CPU.Build.0 = Release|Any CPU
	EndGlobalSection
	GlobalSection(SolutionProperties) = preSolution
		HideSolutionNode = FALSE
	EndGlobalSection
	GlobalSection(ExtensibilityGlobals) = postSolution
		SolutionGuid = {FAC4ADD8-9A20-4CE6-A26E-CF42E32C4481}
	EndGlobalSection
EndGlobal
