
Microsoft Visual Studio Solution File, Format Version 12.00
# Visual Studio Version 17
VisualStudioVersion = 17.13.35931.197 d17.13
MinimumVisualStudioVersion = 10.0.40219.1
Project("{FAE04EC0-301F-11D3-BF4B-00C04F79EFBC}") = "Demo.Csrf", "Demo.Csrf.csproj", "{613D36B4-EB25-4D8C-9A91-886F4FD97105}"
EndProject
Global
	GlobalSection(SolutionConfigurationPlatforms) = preSolution
		Debug|Any CPU = Debug|Any CPU
		Release|Any CPU = Release|Any CPU
	EndGlobalSection
	GlobalSection(ProjectConfigurationPlatforms) = postSolution
		{613D36B4-EB25-4D8C-9A91-886F4FD97105}.Debug|Any CPU.ActiveCfg = Debug|Any CPU
		{613D36B4-EB25-4D8C-9A91-886F4FD97105}.Debug|Any CPU.Build.0 = Debug|Any CPU
		{613D36B4-EB25-4D8C-9A91-886F4FD97105}.Release|Any CPU.ActiveCfg = Release|Any CPU
		{613D36B4-EB25-4D8C-9A91-886F4FD97105}.Release|Any CPU.Build.0 = Release|Any CPU
	EndGlobalSection
	GlobalSection(SolutionProperties) = preSolution
		HideSolutionNode = FALSE
	EndGlobalSection
	GlobalSection(ExtensibilityGlobals) = postSolution
		SolutionGuid = {A4E1990B-7B47-4702-82B7-10368AD123FC}
	EndGlobalSection
EndGlobal
