
Microsoft Visual Studio Solution File, Format Version 12.00
# Visual Studio Version 17
VisualStudioVersion = 17.13.35931.197 d17.13
MinimumVisualStudioVersion = 10.0.40219.1
Project("{FAE04EC0-301F-11D3-BF4B-00C04F79EFBC}") = "Demo.Xss", "Demo.Xss.csproj", "{9C586938-624F-4140-987B-BD5A7ADB0E55}"
EndProject
Global
	GlobalSection(SolutionConfigurationPlatforms) = preSolution
		Debug|Any CPU = Debug|Any CPU
		Release|Any CPU = Release|Any CPU
	EndGlobalSection
	GlobalSection(ProjectConfigurationPlatforms) = postSolution
		{9C586938-624F-4140-987B-BD5A7ADB0E55}.Debug|Any CPU.ActiveCfg = Debug|Any CPU
		{9C586938-624F-4140-987B-BD5A7ADB0E55}.Debug|Any CPU.Build.0 = Debug|Any CPU
		{9C586938-624F-4140-987B-BD5A7ADB0E55}.Release|Any CPU.ActiveCfg = Release|Any CPU
		{9C586938-624F-4140-987B-BD5A7ADB0E55}.Release|Any CPU.Build.0 = Release|Any CPU
	EndGlobalSection
	GlobalSection(SolutionProperties) = preSolution
		HideSolutionNode = FALSE
	EndGlobalSection
	GlobalSection(ExtensibilityGlobals) = postSolution
		SolutionGuid = {30B71062-2AC3-49F4-9182-F82DBEC4ED1E}
	EndGlobalSection
EndGlobal
